
Microsoft Visual Studio Solution File, Format Version 12.00
# Visual Studio Version 17
VisualStudioVersion = 17.1.32319.34
MinimumVisualStudioVersion = 10.0.40219.1
Project("{FAE04EC0-301F-11D3-BF4B-00C04F79EFBC}") = "Updater", "Updater\Updater.csproj", "{68D73A6C-EBEF-4CB9-A421-C4B61F16C020}"
	ProjectSection(ProjectDependencies) = postProject
		{DE1F0D72-F331-461F-A784-392348643BAA} = {DE1F0D72-F331-461F-A784-392348643BAA}
	EndProjectSection
EndProject
Project("{FAE04EC0-301F-11D3-BF4B-00C04F79EFBC}") = "SharpMik", "SharpMik\SharpMik.csproj", "{DE1F0D72-F331-461F-A784-392348643BAA}"
EndProject
Global
	GlobalSection(SolutionConfigurationPlatforms) = preSolution
		Debug|Any CPU = Debug|Any CPU
		Debug|x64 = Debug|x64
		Debug|x86 = Debug|x86
		Release|Any CPU = Release|Any CPU
		Release|x64 = Release|x64
		Release|x86 = Release|x86
	EndGlobalSection
	GlobalSection(ProjectConfigurationPlatforms) = postSolution
		{68D73A6C-EBEF-4CB9-A421-C4B61F16C020}.Debug|Any CPU.ActiveCfg = Debug|x86
		{68D73A6C-EBEF-4CB9-A421-C4B61F16C020}.Debug|Any CPU.Build.0 = Debug|x86
		{68D73A6C-EBEF-4CB9-A421-C4B61F16C020}.Debug|x64.ActiveCfg = Debug|x64
		{68D73A6C-EBEF-4CB9-A421-C4B61F16C020}.Debug|x64.Build.0 = Debug|x64
		{68D73A6C-EBEF-4CB9-A421-C4B61F16C020}.Debug|x86.ActiveCfg = Debug|x86
		{68D73A6C-EBEF-4CB9-A421-C4B61F16C020}.Debug|x86.Build.0 = Debug|x86
		{68D73A6C-EBEF-4CB9-A421-C4B61F16C020}.Release|Any CPU.ActiveCfg = Release|x86
		{68D73A6C-EBEF-4CB9-A421-C4B61F16C020}.Release|Any CPU.Build.0 = Release|x86
		{68D73A6C-EBEF-4CB9-A421-C4B61F16C020}.Release|x64.ActiveCfg = Release|x64
		{68D73A6C-EBEF-4CB9-A421-C4B61F16C020}.Release|x64.Build.0 = Release|x64
		{68D73A6C-EBEF-4CB9-A421-C4B61F16C020}.Release|x86.ActiveCfg = Release|x86
		{68D73A6C-EBEF-4CB9-A421-C4B61F16C020}.Release|x86.Build.0 = Release|x86
		{DE1F0D72-F331-461F-A784-392348643BAA}.Debug|Any CPU.ActiveCfg = Debug|Any CPU
		{DE1F0D72-F331-461F-A784-392348643BAA}.Debug|Any CPU.Build.0 = Debug|Any CPU
		{DE1F0D72-F331-461F-A784-392348643BAA}.Debug|x64.ActiveCfg = Debug|Any CPU
		{DE1F0D72-F331-461F-A784-392348643BAA}.Debug|x64.Build.0 = Debug|Any CPU
		{DE1F0D72-F331-461F-A784-392348643BAA}.Debug|x86.ActiveCfg = Debug|Any CPU
		{DE1F0D72-F331-461F-A784-392348643BAA}.Debug|x86.Build.0 = Debug|Any CPU
		{DE1F0D72-F331-461F-A784-392348643BAA}.Release|Any CPU.ActiveCfg = Release|Any CPU
		{DE1F0D72-F331-461F-A784-392348643BAA}.Release|Any CPU.Build.0 = Release|Any CPU
		{DE1F0D72-F331-461F-A784-392348643BAA}.Release|x64.ActiveCfg = Release|Any CPU
		{DE1F0D72-F331-461F-A784-392348643BAA}.Release|x64.Build.0 = Release|Any CPU
		{DE1F0D72-F331-461F-A784-392348643BAA}.Release|x86.ActiveCfg = Release|Any CPU
		{DE1F0D72-F331-461F-A784-392348643BAA}.Release|x86.Build.0 = Release|Any CPU
	EndGlobalSection
	GlobalSection(SolutionProperties) = preSolution
		HideSolutionNode = FALSE
	EndGlobalSection
	GlobalSection(ExtensibilityGlobals) = postSolution
		SolutionGuid = {50643759-EA8C-445E-ABA4-789A70BC90A7}
	EndGlobalSection
EndGlobal
